
Microsoft Visual Studio Solution File, Format Version 12.00
# Visual Studio Version 17
VisualStudioVersion = 17.0.31903.59
MinimumVisualStudioVersion = 10.0.40219.1
Project("{FAE04EC0-301F-11D3-BF4B-00C04F79EFBC}") = "Shipping.OrdersHub.API", "Source\Shipping.OrdersHub.API\Shipping.OrdersHub.API.csproj", "{D9931B64-6870-442F-97C5-13BDEBF4E58A}"
EndProject
Project("{FAE04EC0-301F-11D3-BF4B-00C04F79EFBC}") = "Shipping.OrdersHub.Application", "Source\Shipping.OrdersHub.Application\Shipping.OrdersHub.Application.csproj", "{D6ADFFE0-C30A-44D1-A228-9DA06CFD6F57}"
EndProject
Project("{FAE04EC0-301F-11D3-BF4B-00C04F79EFBC}") = "Shipping.OrdersHub.Domain", "Source\Shipping.OrdersHub.Domain\Shipping.OrdersHub.Domain.csproj", "{6A0300B6-A3F1-4D60-8A47-5F10A4E658B2}"
EndProject
Project("{FAE04EC0-301F-11D3-BF4B-00C04F79EFBC}") = "Shipping.OrdersHub.Infrastructure", "Source\Shipping.OrdersHub.Infrastructure\Shipping.OrdersHub.Infrastructure.csproj", "{201FBAEF-1864-4657-AE9B-F1ABF1080AA5}"
EndProject
Project("{2150E333-8FDC-42A3-9474-1A3956D46DE8}") = "Source", "Source", "{DB9C7637-EF88-4938-94D9-DF6FA882F239}"
EndProject
Project("{2150E333-8FDC-42A3-9474-1A3956D46DE8}") = "Tests", "Tests", "{3CBACD8E-626D-4E22-A891-111B79010F06}"
EndProject
Project("{FAE04EC0-301F-11D3-BF4B-00C04F79EFBC}") = "Shopping.OrdersHub.UnitTest", "Tests\Shopping.OrdersHub.UnitTest\Shopping.OrdersHub.UnitTest.csproj", "{CB137A9F-3F60-4AED-BF24-1500636C3C8F}"
EndProject
Global
	GlobalSection(SolutionConfigurationPlatforms) = preSolution
		Debug|Any CPU = Debug|Any CPU
		Release|Any CPU = Release|Any CPU
	EndGlobalSection
	GlobalSection(ProjectConfigurationPlatforms) = postSolution
		{D9931B64-6870-442F-97C5-13BDEBF4E58A}.Debug|Any CPU.ActiveCfg = Debug|Any CPU
		{D9931B64-6870-442F-97C5-13BDEBF4E58A}.Debug|Any CPU.Build.0 = Debug|Any CPU
		{D9931B64-6870-442F-97C5-13BDEBF4E58A}.Release|Any CPU.ActiveCfg = Release|Any CPU
		{D9931B64-6870-442F-97C5-13BDEBF4E58A}.Release|Any CPU.Build.0 = Release|Any CPU
		{D6ADFFE0-C30A-44D1-A228-9DA06CFD6F57}.Debug|Any CPU.ActiveCfg = Debug|Any CPU
		{D6ADFFE0-C30A-44D1-A228-9DA06CFD6F57}.Debug|Any CPU.Build.0 = Debug|Any CPU
		{D6ADFFE0-C30A-44D1-A228-9DA06CFD6F57}.Release|Any CPU.ActiveCfg = Release|Any CPU
		{D6ADFFE0-C30A-44D1-A228-9DA06CFD6F57}.Release|Any CPU.Build.0 = Release|Any CPU
		{6A0300B6-A3F1-4D60-8A47-5F10A4E658B2}.Debug|Any CPU.ActiveCfg = Debug|Any CPU
		{6A0300B6-A3F1-4D60-8A47-5F10A4E658B2}.Debug|Any CPU.Build.0 = Debug|Any CPU
		{6A0300B6-A3F1-4D60-8A47-5F10A4E658B2}.Release|Any CPU.ActiveCfg = Release|Any CPU
		{6A0300B6-A3F1-4D60-8A47-5F10A4E658B2}.Release|Any CPU.Build.0 = Release|Any CPU
		{201FBAEF-1864-4657-AE9B-F1ABF1080AA5}.Debug|Any CPU.ActiveCfg = Debug|Any CPU
		{201FBAEF-1864-4657-AE9B-F1ABF1080AA5}.Debug|Any CPU.Build.0 = Debug|Any CPU
		{201FBAEF-1864-4657-AE9B-F1ABF1080AA5}.Release|Any CPU.ActiveCfg = Release|Any CPU
		{201FBAEF-1864-4657-AE9B-F1ABF1080AA5}.Release|Any CPU.Build.0 = Release|Any CPU
		{CB137A9F-3F60-4AED-BF24-1500636C3C8F}.Debug|Any CPU.ActiveCfg = Debug|Any CPU
		{CB137A9F-3F60-4AED-BF24-1500636C3C8F}.Debug|Any CPU.Build.0 = Debug|Any CPU
		{CB137A9F-3F60-4AED-BF24-1500636C3C8F}.Release|Any CPU.ActiveCfg = Release|Any CPU
		{CB137A9F-3F60-4AED-BF24-1500636C3C8F}.Release|Any CPU.Build.0 = Release|Any CPU
	EndGlobalSection
	GlobalSection(SolutionProperties) = preSolution
		HideSolutionNode = FALSE
	EndGlobalSection
	GlobalSection(ExtensibilityGlobals) = postSolution
		SolutionGuid = {1C82EB5B-B69E-4B76-AC55-E67A4017A33C}
	EndGlobalSection
	GlobalSection(NestedProjects) = preSolution
		{D9931B64-6870-442F-97C5-13BDEBF4E58A} = {DB9C7637-EF88-4938-94D9-DF6FA882F239}
		{D6ADFFE0-C30A-44D1-A228-9DA06CFD6F57} = {DB9C7637-EF88-4938-94D9-DF6FA882F239}
		{6A0300B6-A3F1-4D60-8A47-5F10A4E658B2} = {DB9C7637-EF88-4938-94D9-DF6FA882F239}
		{201FBAEF-1864-4657-AE9B-F1ABF1080AA5} = {DB9C7637-EF88-4938-94D9-DF6FA882F239}
		{CB137A9F-3F60-4AED-BF24-1500636C3C8F} = {3CBACD8E-626D-4E22-A891-111B79010F06}
	EndGlobalSection
EndGlobal
